# @generated by Move, please check-in and do not edit manually.

[move]
version = 3
manifest_digest = "14B7F6A65E7DD013ECA3068582BFC313EF34915C43F2A30F0566DF7A97FF6538"
deps_digest = "F8BBB0CCB2491CA29A3DF03D6F92277A4F3574266507ACD77214D37ECA3F3082"
dependencies = [
  { id = "Sui", name = "Sui" },
]

[[move.package]]
id = "MoveStdlib"
source = { git = "https://github.com/MystenLabs/sui.git", rev = "framework/testnet", subdir = "crates/sui-framework/packages/move-stdlib" }

[[move.package]]
id = "Sui"
source = { git = "https://github.com/MystenLabs/sui.git", rev = "framework/testnet", subdir = "crates/sui-framework/packages/sui-framework" }

dependencies = [
  { id = "MoveStdlib", name = "MoveStdlib" },
]

[move.toolchain-version]
compiler-version = "1.59.1"
edition = "2024.beta"
flavor = "sui"

[env]

[env.testnet]
chain-id = "4c78adac"
original-published-id = "0x0870f322afea4ff897e855b74d200d14893c701b50678a8a9151ebf2f56d4848"
latest-published-id = "0x0870f322afea4ff897e855b74d200d14893c701b50678a8a9151ebf2f56d4848"
published-version = "1"
